
Microsoft Visual Studio Solution File, Format Version 11.00
# Visual Studio 2010
Project("{FAE04EC0-301F-11D3-BF4B-00C04F79EFBC}") = "github1", "github1\github1.csproj", "{AC69DBFE-E22B-4825-9790-3B409F4D1261}"
EndProject
Global
	GlobalSection(SolutionConfigurationPlatforms) = preSolution
		Debug|x86 = Debug|x86
		Release|x86 = Release|x86
	EndGlobalSection
	GlobalSection(ProjectConfigurationPlatforms) = postSolution
		{AC69DBFE-E22B-4825-9790-3B409F4D1261}.Debug|x86.ActiveCfg = Debug|x86
		{AC69DBFE-E22B-4825-9790-3B409F4D1261}.Debug|x86.Build.0 = Debug|x86
		{AC69DBFE-E22B-4825-9790-3B409F4D1261}.Release|x86.ActiveCfg = Release|x86
		{AC69DBFE-E22B-4825-9790-3B409F4D1261}.Release|x86.Build.0 = Release|x86
	EndGlobalSection
	GlobalSection(SolutionProperties) = preSolution
		HideSolutionNode = FALSE
	EndGlobalSection
EndGlobal
